
Microsoft Visual Studio Solution File, Format Version 12.00
# Visual Studio Version 16
VisualStudioVersion = 16.0.30717.126
MinimumVisualStudioVersion = 10.0.40219.1
Project("{FAE04EC0-301F-11D3-BF4B-00C04F79EFBC}") = "CodeSolutionDataLayer", "CodeSolution\CodeSolutionDataLayer.csproj", "{BA021B0A-0CB0-4D08-917D-CF267783081E}"
EndProject
Project("{FAE04EC0-301F-11D3-BF4B-00C04F79EFBC}") = "CodeSolutionApiLayer", "CodeSolutionApiLayer\CodeSolutionApiLayer.csproj", "{30E1D8FD-D904-4066-8E7A-A61F18209A2C}"
EndProject
Global
	GlobalSection(SolutionConfigurationPlatforms) = preSolution
		Debug|Any CPU = Debug|Any CPU
		Release|Any CPU = Release|Any CPU
	EndGlobalSection
	GlobalSection(ProjectConfigurationPlatforms) = postSolution
		{BA021B0A-0CB0-4D08-917D-CF267783081E}.Debug|Any CPU.ActiveCfg = Debug|Any CPU
		{BA021B0A-0CB0-4D08-917D-CF267783081E}.Debug|Any CPU.Build.0 = Debug|Any CPU
		{BA021B0A-0CB0-4D08-917D-CF267783081E}.Release|Any CPU.ActiveCfg = Release|Any CPU
		{BA021B0A-0CB0-4D08-917D-CF267783081E}.Release|Any CPU.Build.0 = Release|Any CPU
		{30E1D8FD-D904-4066-8E7A-A61F18209A2C}.Debug|Any CPU.ActiveCfg = Debug|Any CPU
		{30E1D8FD-D904-4066-8E7A-A61F18209A2C}.Debug|Any CPU.Build.0 = Debug|Any CPU
		{30E1D8FD-D904-4066-8E7A-A61F18209A2C}.Release|Any CPU.ActiveCfg = Release|Any CPU
		{30E1D8FD-D904-4066-8E7A-A61F18209A2C}.Release|Any CPU.Build.0 = Release|Any CPU
	EndGlobalSection
	GlobalSection(SolutionProperties) = preSolution
		HideSolutionNode = FALSE
	EndGlobalSection
	GlobalSection(ExtensibilityGlobals) = postSolution
		SolutionGuid = {92D93348-5E25-4DE0-88C7-9EC3D90DEFE0}
	EndGlobalSection
EndGlobal
